
Microsoft Visual Studio Solution File, Format Version 12.00
# Visual Studio Version 17
VisualStudioVersion = 17.1.32421.90
MinimumVisualStudioVersion = 10.0.40219.1
Project("{9A19103F-16F7-4668-BE54-9A1E7A4F7556}") = "ReInject", "ReInject\ReInject.csproj", "{8D1ED363-5F3A-457B-80C9-CB5A9EF09E64}"
EndProject
Project("{9A19103F-16F7-4668-BE54-9A1E7A4F7556}") = "ReInject.Tests", "ReInject.Tests\ReInject.Tests.csproj", "{E6ABFC1B-96AE-45C3-8A45-653F9B3261B9}"
EndProject
Project("{9A19103F-16F7-4668-BE54-9A1E7A4F7556}") = "ReInject.Scopes", "ReInject.Scopes\ReInject.Scopes.csproj", "{667169A8-D006-4150-8EC3-B7EB329F4E69}"
EndProject
Project("{9A19103F-16F7-4668-BE54-9A1E7A4F7556}") = "ReInject.PostInjectors.BackgroundWorker", "ReInject.PostInjectors.BackgroundWorker\ReInject.PostInjectors.BackgroundWorker.csproj", "{440CF397-5CB5-4CE2-9495-341D75AC96EF}"
EndProject
Project("{FAE04EC0-301F-11D3-BF4B-00C04F79EFBC}") = "ReInject.PostInjectors.EventInjection", "ReInject.PostInjectors.EventInjection\ReInject.PostInjectors.EventInjection.csproj", "{6FC4F746-C8DB-41CE-95F9-456A27F70812}"
EndProject
Global
	GlobalSection(SolutionConfigurationPlatforms) = preSolution
		Debug|Any CPU = Debug|Any CPU
		Release|Any CPU = Release|Any CPU
	EndGlobalSection
	GlobalSection(ProjectConfigurationPlatforms) = postSolution
		{8D1ED363-5F3A-457B-80C9-CB5A9EF09E64}.Debug|Any CPU.ActiveCfg = Debug|Any CPU
		{8D1ED363-5F3A-457B-80C9-CB5A9EF09E64}.Debug|Any CPU.Build.0 = Debug|Any CPU
		{8D1ED363-5F3A-457B-80C9-CB5A9EF09E64}.Release|Any CPU.ActiveCfg = Release|Any CPU
		{8D1ED363-5F3A-457B-80C9-CB5A9EF09E64}.Release|Any CPU.Build.0 = Release|Any CPU
		{E6ABFC1B-96AE-45C3-8A45-653F9B3261B9}.Debug|Any CPU.ActiveCfg = Debug|Any CPU
		{E6ABFC1B-96AE-45C3-8A45-653F9B3261B9}.Debug|Any CPU.Build.0 = Debug|Any CPU
		{E6ABFC1B-96AE-45C3-8A45-653F9B3261B9}.Release|Any CPU.ActiveCfg = Release|Any CPU
		{E6ABFC1B-96AE-45C3-8A45-653F9B3261B9}.Release|Any CPU.Build.0 = Release|Any CPU
		{667169A8-D006-4150-8EC3-B7EB329F4E69}.Debug|Any CPU.ActiveCfg = Debug|Any CPU
		{667169A8-D006-4150-8EC3-B7EB329F4E69}.Debug|Any CPU.Build.0 = Debug|Any CPU
		{667169A8-D006-4150-8EC3-B7EB329F4E69}.Release|Any CPU.ActiveCfg = Release|Any CPU
		{667169A8-D006-4150-8EC3-B7EB329F4E69}.Release|Any CPU.Build.0 = Release|Any CPU
		{440CF397-5CB5-4CE2-9495-341D75AC96EF}.Debug|Any CPU.ActiveCfg = Debug|Any CPU
		{440CF397-5CB5-4CE2-9495-341D75AC96EF}.Debug|Any CPU.Build.0 = Debug|Any CPU
		{440CF397-5CB5-4CE2-9495-341D75AC96EF}.Release|Any CPU.ActiveCfg = Release|Any CPU
		{440CF397-5CB5-4CE2-9495-341D75AC96EF}.Release|Any CPU.Build.0 = Release|Any CPU
		{6FC4F746-C8DB-41CE-95F9-456A27F70812}.Debug|Any CPU.ActiveCfg = Debug|Any CPU
		{6FC4F746-C8DB-41CE-95F9-456A27F70812}.Debug|Any CPU.Build.0 = Debug|Any CPU
		{6FC4F746-C8DB-41CE-95F9-456A27F70812}.Release|Any CPU.ActiveCfg = Release|Any CPU
		{6FC4F746-C8DB-41CE-95F9-456A27F70812}.Release|Any CPU.Build.0 = Release|Any CPU
	EndGlobalSection
	GlobalSection(SolutionProperties) = preSolution
		HideSolutionNode = FALSE
	EndGlobalSection
	GlobalSection(ExtensibilityGlobals) = postSolution
		SolutionGuid = {C7370467-DAFE-431C-B4AE-B125F8B2C436}
	EndGlobalSection
EndGlobal
